// !$*UTF8*$!
{
	archiveVersion = 1;
	classes = {
	};
	objectVersion = 56;
	objects = {

/* Begin PBXBuildFile section */
		DCE7C7B0B87B9068553EDC09 /* Pods_RxSwift_MVVM_Scaffold.framework in Frameworks */ = {isa = PBXBuildFile; fileRef = 6A11D82DFF3EB0B9CB6F8073 /* Pods_RxSwift_MVVM_Scaffold.framework */; };
		F0F27D932B31D08F005A8CB2 /* AppDelegate.swift in Sources */ = {isa = PBXBuildFile; fileRef = F0F27D922B31D08F005A8CB2 /* AppDelegate.swift */; };
		F0F27D9A2B31D08F005A8CB2 /* Main.storyboard in Resources */ = {isa = PBXBuildFile; fileRef = F0F27D982B31D08F005A8CB2 /* Main.storyboard */; };
		F0F27D9C2B31D090005A8CB2 /* Assets.xcassets in Resources */ = {isa = PBXBuildFile; fileRef = F0F27D9B2B31D090005A8CB2 /* Assets.xcassets */; };
		F0F27D9F2B31D090005A8CB2 /* LaunchScreen.storyboard in Resources */ = {isa = PBXBuildFile; fileRef = F0F27D9D2B31D090005A8CB2 /* LaunchScreen.storyboard */; };
		F0F27DAA2B31D090005A8CB2 /* RxSwift_MVVM_ScaffoldTests.swift in Sources */ = {isa = PBXBuildFile; fileRef = F0F27DA92B31D090005A8CB2 /* RxSwift_MVVM_ScaffoldTests.swift */; };
		F0F27DB42B31D090005A8CB2 /* RxSwift_MVVM_ScaffoldUITests.swift in Sources */ = {isa = PBXBuildFile; fileRef = F0F27DB32B31D090005A8CB2 /* RxSwift_MVVM_ScaffoldUITests.swift */; };
		F0F27DB62B31D090005A8CB2 /* RxSwift_MVVM_ScaffoldUITestsLaunchTests.swift in Sources */ = {isa = PBXBuildFile; fileRef = F0F27DB52B31D090005A8CB2 /* RxSwift_MVVM_ScaffoldUITestsLaunchTests.swift */; };
		F0F27DC62B31D14A005A8CB2 /* Application.swift in Sources */ = {isa = PBXBuildFile; fileRef = F0F27DC42B31D14A005A8CB2 /* Application.swift */; };
		F0F27DC72B31D14A005A8CB2 /* Navigator.swift in Sources */ = {isa = PBXBuildFile; fileRef = F0F27DC52B31D14A005A8CB2 /* Navigator.swift */; };
		F0F27E0E2B31D166005A8CB2 /* HomeViewModel.swift in Sources */ = {isa = PBXBuildFile; fileRef = F0F27DCA2B31D165005A8CB2 /* HomeViewModel.swift */; };
		F0F27E0F2B31D166005A8CB2 /* HomeViewController.swift in Sources */ = {isa = PBXBuildFile; fileRef = F0F27DCB2B31D165005A8CB2 /* HomeViewController.swift */; };
		F0F27E102B31D166005A8CB2 /* HomeTabBarViewModel.swift in Sources */ = {isa = PBXBuildFile; fileRef = F0F27DCD2B31D165005A8CB2 /* HomeTabBarViewModel.swift */; };
		F0F27E112B31D166005A8CB2 /* HomeTabBarController.swift in Sources */ = {isa = PBXBuildFile; fileRef = F0F27DCE2B31D165005A8CB2 /* HomeTabBarController.swift */; };
		F0F27E122B31D166005A8CB2 /* UIImage+FSBase.swift in Sources */ = {isa = PBXBuildFile; fileRef = F0F27DD12B31D166005A8CB2 /* UIImage+FSBase.swift */; };
		F0F27E132B31D166005A8CB2 /* UIColor+FSBase.swift in Sources */ = {isa = PBXBuildFile; fileRef = F0F27DD32B31D166005A8CB2 /* UIColor+FSBase.swift */; };
		F0F27E142B31D166005A8CB2 /* UIView+FSBase.swift in Sources */ = {isa = PBXBuildFile; fileRef = F0F27DD52B31D166005A8CB2 /* UIView+FSBase.swift */; };
		F0F27E152B31D166005A8CB2 /* UIView+Borders.swift in Sources */ = {isa = PBXBuildFile; fileRef = F0F27DD62B31D166005A8CB2 /* UIView+Borders.swift */; };
		F0F27E162B31D166005A8CB2 /* KafkaRefresh+Rx.swift in Sources */ = {isa = PBXBuildFile; fileRef = F0F27DD82B31D166005A8CB2 /* KafkaRefresh+Rx.swift */; };
		F0F27E172B31D166005A8CB2 /* Kingfisher+Rx.swift in Sources */ = {isa = PBXBuildFile; fileRef = F0F27DD92B31D166005A8CB2 /* Kingfisher+Rx.swift */; };
		F0F27E182B31D166005A8CB2 /* Observable+Logging.swift in Sources */ = {isa = PBXBuildFile; fileRef = F0F27DDA2B31D166005A8CB2 /* Observable+Logging.swift */; };
		F0F27E192B31D166005A8CB2 /* Observable+Operators.swift in Sources */ = {isa = PBXBuildFile; fileRef = F0F27DDB2B31D166005A8CB2 /* Observable+Operators.swift */; };
		F0F27E1A2B31D166005A8CB2 /* UIFont+FSBase.swift in Sources */ = {isa = PBXBuildFile; fileRef = F0F27DDD2B31D166005A8CB2 /* UIFont+FSBase.swift */; };
		F0F27E1B2B31D166005A8CB2 /* LibsManager.swift in Sources */ = {isa = PBXBuildFile; fileRef = F0F27DDF2B31D166005A8CB2 /* LibsManager.swift */; };
		F0F27E1C2B31D166005A8CB2 /* ThemeManager.swift in Sources */ = {isa = PBXBuildFile; fileRef = F0F27DE02B31D166005A8CB2 /* ThemeManager.swift */; };
		F0F27E1D2B31D166005A8CB2 /* Reachability.swift in Sources */ = {isa = PBXBuildFile; fileRef = F0F27DE12B31D166005A8CB2 /* Reachability.swift */; };
		F0F27E1E2B31D166005A8CB2 /* LogManager.swift in Sources */ = {isa = PBXBuildFile; fileRef = F0F27DE22B31D166005A8CB2 /* LogManager.swift */; };
		F0F27E1F2B31D166005A8CB2 /* Toolbar.swift in Sources */ = {isa = PBXBuildFile; fileRef = F0F27DE42B31D166005A8CB2 /* Toolbar.swift */; };
		F0F27E202B31D166005A8CB2 /* Label.swift in Sources */ = {isa = PBXBuildFile; fileRef = F0F27DE52B31D166005A8CB2 /* Label.swift */; };
		F0F27E212B31D166005A8CB2 /* ViewController.swift in Sources */ = {isa = PBXBuildFile; fileRef = F0F27DE62B31D166005A8CB2 /* ViewController.swift */; };
		F0F27E222B31D166005A8CB2 /* View.swift in Sources */ = {isa = PBXBuildFile; fileRef = F0F27DE72B31D166005A8CB2 /* View.swift */; };
		F0F27E232B31D166005A8CB2 /* PickerView.swift in Sources */ = {isa = PBXBuildFile; fileRef = F0F27DE82B31D166005A8CB2 /* PickerView.swift */; };
		F0F27E242B31D166005A8CB2 /* CollectionView.swift in Sources */ = {isa = PBXBuildFile; fileRef = F0F27DE92B31D166005A8CB2 /* CollectionView.swift */; };
		F0F27E252B31D166005A8CB2 /* StackView.swift in Sources */ = {isa = PBXBuildFile; fileRef = F0F27DEA2B31D166005A8CB2 /* StackView.swift */; };
		F0F27E262B31D166005A8CB2 /* SegmentedControl.swift in Sources */ = {isa = PBXBuildFile; fileRef = F0F27DEB2B31D166005A8CB2 /* SegmentedControl.swift */; };
		F0F27E272B31D166005A8CB2 /* SlideImageView.swift in Sources */ = {isa = PBXBuildFile; fileRef = F0F27DEC2B31D166005A8CB2 /* SlideImageView.swift */; };
		F0F27E282B31D166005A8CB2 /* CollectionViewCell.swift in Sources */ = {isa = PBXBuildFile; fileRef = F0F27DED2B31D166005A8CB2 /* CollectionViewCell.swift */; };
		F0F27E292B31D166005A8CB2 /* SearchBar.swift in Sources */ = {isa = PBXBuildFile; fileRef = F0F27DEE2B31D166005A8CB2 /* SearchBar.swift */; };
		F0F27E2A2B31D166005A8CB2 /* ScrollView.swift in Sources */ = {isa = PBXBuildFile; fileRef = F0F27DEF2B31D166005A8CB2 /* ScrollView.swift */; };
		F0F27E2B2B31D166005A8CB2 /* TableViewController.swift in Sources */ = {isa = PBXBuildFile; fileRef = F0F27DF02B31D166005A8CB2 /* TableViewController.swift */; };
		F0F27E2C2B31D166005A8CB2 /* TableView.swift in Sources */ = {isa = PBXBuildFile; fileRef = F0F27DF12B31D166005A8CB2 /* TableView.swift */; };
		F0F27E2D2B31D166005A8CB2 /* Switch.swift in Sources */ = {isa = PBXBuildFile; fileRef = F0F27DF22B31D166005A8CB2 /* Switch.swift */; };
		F0F27E2E2B31D166005A8CB2 /* TextField.swift in Sources */ = {isa = PBXBuildFile; fileRef = F0F27DF32B31D166005A8CB2 /* TextField.swift */; };
		F0F27E2F2B31D166005A8CB2 /* WebViewController.swift in Sources */ = {isa = PBXBuildFile; fileRef = F0F27DF42B31D166005A8CB2 /* WebViewController.swift */; };
		F0F27E302B31D166005A8CB2 /* ViewModelType.swift in Sources */ = {isa = PBXBuildFile; fileRef = F0F27DF52B31D166005A8CB2 /* ViewModelType.swift */; };
		F0F27E312B31D166005A8CB2 /* TableViewCell.swift in Sources */ = {isa = PBXBuildFile; fileRef = F0F27DF72B31D166005A8CB2 /* TableViewCell.swift */; };
		F0F27E322B31D166005A8CB2 /* DefaultTableViewCellViewModel.swift in Sources */ = {isa = PBXBuildFile; fileRef = F0F27DF82B31D166005A8CB2 /* DefaultTableViewCellViewModel.swift */; };
		F0F27E332B31D166005A8CB2 /* TableViewCellViewModel.swift in Sources */ = {isa = PBXBuildFile; fileRef = F0F27DF92B31D166005A8CB2 /* TableViewCellViewModel.swift */; };
		F0F27E342B31D166005A8CB2 /* DefaultTableViewCell.swift in Sources */ = {isa = PBXBuildFile; fileRef = F0F27DFA2B31D166005A8CB2 /* DefaultTableViewCell.swift */; };
		F0F27E352B31D166005A8CB2 /* BarButtonItem.swift in Sources */ = {isa = PBXBuildFile; fileRef = F0F27DFB2B31D166005A8CB2 /* BarButtonItem.swift */; };
		F0F27E362B31D166005A8CB2 /* ImageView.swift in Sources */ = {isa = PBXBuildFile; fileRef = F0F27DFC2B31D166005A8CB2 /* ImageView.swift */; };
		F0F27E372B31D166005A8CB2 /* Button.swift in Sources */ = {isa = PBXBuildFile; fileRef = F0F27DFD2B31D166005A8CB2 /* Button.swift */; };
		F0F27E382B31D166005A8CB2 /* NavigationController.swift in Sources */ = {isa = PBXBuildFile; fileRef = F0F27DFE2B31D166005A8CB2 /* NavigationController.swift */; };
		F0F27E392B31D166005A8CB2 /* CollectionViewController.swift in Sources */ = {isa = PBXBuildFile; fileRef = F0F27DFF2B31D166005A8CB2 /* CollectionViewController.swift */; };
		F0F27E3A2B31D166005A8CB2 /* Configs.swift in Sources */ = {isa = PBXBuildFile; fileRef = F0F27E012B31D166005A8CB2 /* Configs.swift */; };
		F0F27E3B2B31D166005A8CB2 /* ErrorTracker.swift in Sources */ = {isa = PBXBuildFile; fileRef = F0F27E042B31D166005A8CB2 /* ErrorTracker.swift */; };
		F0F27E3C2B31D166005A8CB2 /* ActivityIndicator.swift in Sources */ = {isa = PBXBuildFile; fileRef = F0F27E062B31D166005A8CB2 /* ActivityIndicator.swift */; };
		F0F27E3D2B31D166005A8CB2 /* Api.swift in Sources */ = {isa = PBXBuildFile; fileRef = F0F27E082B31D166005A8CB2 /* Api.swift */; };
		F0F27E3E2B31D166005A8CB2 /* BaseAPI.swift in Sources */ = {isa = PBXBuildFile; fileRef = F0F27E0A2B31D166005A8CB2 /* BaseAPI.swift */; };
		F0F27E3F2B31D166005A8CB2 /* Networking.swift in Sources */ = {isa = PBXBuildFile; fileRef = F0F27E0B2B31D166005A8CB2 /* Networking.swift */; };
		F0F27E402B31D166005A8CB2 /* RestApi.swift in Sources */ = {isa = PBXBuildFile; fileRef = F0F27E0C2B31D166005A8CB2 /* RestApi.swift */; };
		F0F27E412B31D166005A8CB2 /* ErrorResponse.swift in Sources */ = {isa = PBXBuildFile; fileRef = F0F27E0D2B31D166005A8CB2 /* ErrorResponse.swift */; };
		F0F27E442B31D329005A8CB2 /* R.generated.swift in Sources */ = {isa = PBXBuildFile; fileRef = F0F27E432B31D329005A8CB2 /* R.generated.swift */; };
/* End PBXBuildFile section */

/* Begin PBXContainerItemProxy section */
		F0F27DA62B31D090005A8CB2 /* PBXContainerItemProxy */ = {
			isa = PBXContainerItemProxy;
			containerPortal = F0F27D872B31D08F005A8CB2 /* Project object */;
			proxyType = 1;
			remoteGlobalIDString = F0F27D8E2B31D08F005A8CB2;
			remoteInfo = "RxSwift-MVVM-Scaffold";
		};
		F0F27DB02B31D090005A8CB2 /* PBXContainerItemProxy */ = {
			isa = PBXContainerItemProxy;
			containerPortal = F0F27D872B31D08F005A8CB2 /* Project object */;
			proxyType = 1;
			remoteGlobalIDString = F0F27D8E2B31D08F005A8CB2;
			remoteInfo = "RxSwift-MVVM-Scaffold";
		};
/* End PBXContainerItemProxy section */

/* Begin PBXFileReference section */
		6A11D82DFF3EB0B9CB6F8073 /* Pods_RxSwift_MVVM_Scaffold.framework */ = {isa = PBXFileReference; explicitFileType = wrapper.framework; includeInIndex = 0; path = Pods_RxSwift_MVVM_Scaffold.framework; sourceTree = BUILT_PRODUCTS_DIR; };
		D0A4FE2EA94D952B988F4EBE /* Pods-RxSwift-MVVM-Scaffold.debug.xcconfig */ = {isa = PBXFileReference; includeInIndex = 1; lastKnownFileType = text.xcconfig; name = "Pods-RxSwift-MVVM-Scaffold.debug.xcconfig"; path = "Target Support Files/Pods-RxSwift-MVVM-Scaffold/Pods-RxSwift-MVVM-Scaffold.debug.xcconfig"; sourceTree = "<group>"; };
		F0D3E58BDE00ED724F035529 /* Pods-RxSwift-MVVM-Scaffold.release.xcconfig */ = {isa = PBXFileReference; includeInIndex = 1; lastKnownFileType = text.xcconfig; name = "Pods-RxSwift-MVVM-Scaffold.release.xcconfig"; path = "Target Support Files/Pods-RxSwift-MVVM-Scaffold/Pods-RxSwift-MVVM-Scaffold.release.xcconfig"; sourceTree = "<group>"; };
		F0F27D8F2B31D08F005A8CB2 /* RxSwift-MVVM-Scaffold.app */ = {isa = PBXFileReference; explicitFileType = wrapper.application; includeInIndex = 0; path = "RxSwift-MVVM-Scaffold.app"; sourceTree = BUILT_PRODUCTS_DIR; };
		F0F27D922B31D08F005A8CB2 /* AppDelegate.swift */ = {isa = PBXFileReference; lastKnownFileType = sourcecode.swift; path = AppDelegate.swift; sourceTree = "<group>"; };
		F0F27D992B31D08F005A8CB2 /* Base */ = {isa = PBXFileReference; lastKnownFileType = file.storyboard; name = Base; path = Base.lproj/Main.storyboard; sourceTree = "<group>"; };
		F0F27D9B2B31D090005A8CB2 /* Assets.xcassets */ = {isa = PBXFileReference; lastKnownFileType = folder.assetcatalog; path = Assets.xcassets; sourceTree = "<group>"; };
		F0F27D9E2B31D090005A8CB2 /* Base */ = {isa = PBXFileReference; lastKnownFileType = file.storyboard; name = Base; path = Base.lproj/LaunchScreen.storyboard; sourceTree = "<group>"; };
		F0F27DA02B31D090005A8CB2 /* Info.plist */ = {isa = PBXFileReference; lastKnownFileType = text.plist.xml; path = Info.plist; sourceTree = "<group>"; };
		F0F27DA52B31D090005A8CB2 /* RxSwift-MVVM-ScaffoldTests.xctest */ = {isa = PBXFileReference; explicitFileType = wrapper.cfbundle; includeInIndex = 0; path = "RxSwift-MVVM-ScaffoldTests.xctest"; sourceTree = BUILT_PRODUCTS_DIR; };
		F0F27DA92B31D090005A8CB2 /* RxSwift_MVVM_ScaffoldTests.swift */ = {isa = PBXFileReference; lastKnownFileType = sourcecode.swift; path = RxSwift_MVVM_ScaffoldTests.swift; sourceTree = "<group>"; };
		F0F27DAF2B31D090005A8CB2 /* RxSwift-MVVM-ScaffoldUITests.xctest */ = {isa = PBXFileReference; explicitFileType = wrapper.cfbundle; includeInIndex = 0; path = "RxSwift-MVVM-ScaffoldUITests.xctest"; sourceTree = BUILT_PRODUCTS_DIR; };
		F0F27DB32B31D090005A8CB2 /* RxSwift_MVVM_ScaffoldUITests.swift */ = {isa = PBXFileReference; lastKnownFileType = sourcecode.swift; path = RxSwift_MVVM_ScaffoldUITests.swift; sourceTree = "<group>"; };
		F0F27DB52B31D090005A8CB2 /* RxSwift_MVVM_ScaffoldUITestsLaunchTests.swift */ = {isa = PBXFileReference; lastKnownFileType = sourcecode.swift; path = RxSwift_MVVM_ScaffoldUITestsLaunchTests.swift; sourceTree = "<group>"; };
		F0F27DC42B31D14A005A8CB2 /* Application.swift */ = {isa = PBXFileReference; fileEncoding = 4; lastKnownFileType = sourcecode.swift; path = Application.swift; sourceTree = "<group>"; };
		F0F27DC52B31D14A005A8CB2 /* Navigator.swift */ = {isa = PBXFileReference; fileEncoding = 4; lastKnownFileType = sourcecode.swift; path = Navigator.swift; sourceTree = "<group>"; };
		F0F27DCA2B31D165005A8CB2 /* HomeViewModel.swift */ = {isa = PBXFileReference; fileEncoding = 4; lastKnownFileType = sourcecode.swift; path = HomeViewModel.swift; sourceTree = "<group>"; };
		F0F27DCB2B31D165005A8CB2 /* HomeViewController.swift */ = {isa = PBXFileReference; fileEncoding = 4; lastKnownFileType = sourcecode.swift; path = HomeViewController.swift; sourceTree = "<group>"; };
		F0F27DCD2B31D165005A8CB2 /* HomeTabBarViewModel.swift */ = {isa = PBXFileReference; fileEncoding = 4; lastKnownFileType = sourcecode.swift; path = HomeTabBarViewModel.swift; sourceTree = "<group>"; };
		F0F27DCE2B31D165005A8CB2 /* HomeTabBarController.swift */ = {isa = PBXFileReference; fileEncoding = 4; lastKnownFileType = sourcecode.swift; path = HomeTabBarController.swift; sourceTree = "<group>"; };
		F0F27DD12B31D166005A8CB2 /* UIImage+FSBase.swift */ = {isa = PBXFileReference; fileEncoding = 4; lastKnownFileType = sourcecode.swift; path = "UIImage+FSBase.swift"; sourceTree = "<group>"; };
		F0F27DD32B31D166005A8CB2 /* UIColor+FSBase.swift */ = {isa = PBXFileReference; fileEncoding = 4; lastKnownFileType = sourcecode.swift; path = "UIColor+FSBase.swift"; sourceTree = "<group>"; };
		F0F27DD52B31D166005A8CB2 /* UIView+FSBase.swift */ = {isa = PBXFileReference; fileEncoding = 4; lastKnownFileType = sourcecode.swift; path = "UIView+FSBase.swift"; sourceTree = "<group>"; };
		F0F27DD62B31D166005A8CB2 /* UIView+Borders.swift */ = {isa = PBXFileReference; fileEncoding = 4; lastKnownFileType = sourcecode.swift; path = "UIView+Borders.swift"; sourceTree = "<group>"; };
		F0F27DD82B31D166005A8CB2 /* KafkaRefresh+Rx.swift */ = {isa = PBXFileReference; fileEncoding = 4; lastKnownFileType = sourcecode.swift; path = "KafkaRefresh+Rx.swift"; sourceTree = "<group>"; };
		F0F27DD92B31D166005A8CB2 /* Kingfisher+Rx.swift */ = {isa = PBXFileReference; fileEncoding = 4; lastKnownFileType = sourcecode.swift; path = "Kingfisher+Rx.swift"; sourceTree = "<group>"; };
		F0F27DDA2B31D166005A8CB2 /* Observable+Logging.swift */ = {isa = PBXFileReference; fileEncoding = 4; lastKnownFileType = sourcecode.swift; path = "Observable+Logging.swift"; sourceTree = "<group>"; };
		F0F27DDB2B31D166005A8CB2 /* Observable+Operators.swift */ = {isa = PBXFileReference; fileEncoding = 4; lastKnownFileType = sourcecode.swift; path = "Observable+Operators.swift"; sourceTree = "<group>"; };
		F0F27DDD2B31D166005A8CB2 /* UIFont+FSBase.swift */ = {isa = PBXFileReference; fileEncoding = 4; lastKnownFileType = sourcecode.swift; path = "UIFont+FSBase.swift"; sourceTree = "<group>"; };
		F0F27DDF2B31D166005A8CB2 /* LibsManager.swift */ = {isa = PBXFileReference; fileEncoding = 4; lastKnownFileType = sourcecode.swift; path = LibsManager.swift; sourceTree = "<group>"; };
		F0F27DE02B31D166005A8CB2 /* ThemeManager.swift */ = {isa = PBXFileReference; fileEncoding = 4; lastKnownFileType = sourcecode.swift; path = ThemeManager.swift; sourceTree = "<group>"; };
		F0F27DE12B31D166005A8CB2 /* Reachability.swift */ = {isa = PBXFileReference; fileEncoding = 4; lastKnownFileType = sourcecode.swift; path = Reachability.swift; sourceTree = "<group>"; };
		F0F27DE22B31D166005A8CB2 /* LogManager.swift */ = {isa = PBXFileReference; fileEncoding = 4; lastKnownFileType = sourcecode.swift; path = LogManager.swift; sourceTree = "<group>"; };
		F0F27DE42B31D166005A8CB2 /* Toolbar.swift */ = {isa = PBXFileReference; fileEncoding = 4; lastKnownFileType = sourcecode.swift; path = Toolbar.swift; sourceTree = "<group>"; };
		F0F27DE52B31D166005A8CB2 /* Label.swift */ = {isa = PBXFileReference; fileEncoding = 4; lastKnownFileType = sourcecode.swift; path = Label.swift; sourceTree = "<group>"; };
		F0F27DE62B31D166005A8CB2 /* ViewController.swift */ = {isa = PBXFileReference; fileEncoding = 4; lastKnownFileType = sourcecode.swift; path = ViewController.swift; sourceTree = "<group>"; };
		F0F27DE72B31D166005A8CB2 /* View.swift */ = {isa = PBXFileReference; fileEncoding = 4; lastKnownFileType = sourcecode.swift; path = View.swift; sourceTree = "<group>"; };
		F0F27DE82B31D166005A8CB2 /* PickerView.swift */ = {isa = PBXFileReference; fileEncoding = 4; lastKnownFileType = sourcecode.swift; path = PickerView.swift; sourceTree = "<group>"; };
		F0F27DE92B31D166005A8CB2 /* CollectionView.swift */ = {isa = PBXFileReference; fileEncoding = 4; lastKnownFileType = sourcecode.swift; path = CollectionView.swift; sourceTree = "<group>"; };
		F0F27DEA2B31D166005A8CB2 /* StackView.swift */ = {isa = PBXFileReference; fileEncoding = 4; lastKnownFileType = sourcecode.swift; path = StackView.swift; sourceTree = "<group>"; };
		F0F27DEB2B31D166005A8CB2 /* SegmentedControl.swift */ = {isa = PBXFileReference; fileEncoding = 4; lastKnownFileType = sourcecode.swift; path = SegmentedControl.swift; sourceTree = "<group>"; };
		F0F27DEC2B31D166005A8CB2 /* SlideImageView.swift */ = {isa = PBXFileReference; fileEncoding = 4; lastKnownFileType = sourcecode.swift; path = SlideImageView.swift; sourceTree = "<group>"; };
		F0F27DED2B31D166005A8CB2 /* CollectionViewCell.swift */ = {isa = PBXFileReference; fileEncoding = 4; lastKnownFileType = sourcecode.swift; path = CollectionViewCell.swift; sourceTree = "<group>"; };
		F0F27DEE2B31D166005A8CB2 /* SearchBar.swift */ = {isa = PBXFileReference; fileEncoding = 4; lastKnownFileType = sourcecode.swift; path = SearchBar.swift; sourceTree = "<group>"; };
		F0F27DEF2B31D166005A8CB2 /* ScrollView.swift */ = {isa = PBXFileReference; fileEncoding = 4; lastKnownFileType = sourcecode.swift; path = ScrollView.swift; sourceTree = "<group>"; };
		F0F27DF02B31D166005A8CB2 /* TableViewController.swift */ = {isa = PBXFileReference; fileEncoding = 4; lastKnownFileType = sourcecode.swift; path = TableViewController.swift; sourceTree = "<group>"; };
		F0F27DF12B31D166005A8CB2 /* TableView.swift */ = {isa = PBXFileReference; fileEncoding = 4; lastKnownFileType = sourcecode.swift; path = TableView.swift; sourceTree = "<group>"; };
		F0F27DF22B31D166005A8CB2 /* Switch.swift */ = {isa = PBXFileReference; fileEncoding = 4; lastKnownFileType = sourcecode.swift; path = Switch.swift; sourceTree = "<group>"; };
		F0F27DF32B31D166005A8CB2 /* TextField.swift */ = {isa = PBXFileReference; fileEncoding = 4; lastKnownFileType = sourcecode.swift; path = TextField.swift; sourceTree = "<group>"; };
		F0F27DF42B31D166005A8CB2 /* WebViewController.swift */ = {isa = PBXFileReference; fileEncoding = 4; lastKnownFileType = sourcecode.swift; path = WebViewController.swift; sourceTree = "<group>"; };
		F0F27DF52B31D166005A8CB2 /* ViewModelType.swift */ = {isa = PBXFileReference; fileEncoding = 4; lastKnownFileType = sourcecode.swift; path = ViewModelType.swift; sourceTree = "<group>"; };
		F0F27DF72B31D166005A8CB2 /* TableViewCell.swift */ = {isa = PBXFileReference; fileEncoding = 4; lastKnownFileType = sourcecode.swift; path = TableViewCell.swift; sourceTree = "<group>"; };
		F0F27DF82B31D166005A8CB2 /* DefaultTableViewCellViewModel.swift */ = {isa = PBXFileReference; fileEncoding = 4; lastKnownFileType = sourcecode.swift; path = DefaultTableViewCellViewModel.swift; sourceTree = "<group>"; };
		F0F27DF92B31D166005A8CB2 /* TableViewCellViewModel.swift */ = {isa = PBXFileReference; fileEncoding = 4; lastKnownFileType = sourcecode.swift; path = TableViewCellViewModel.swift; sourceTree = "<group>"; };
		F0F27DFA2B31D166005A8CB2 /* DefaultTableViewCell.swift */ = {isa = PBXFileReference; fileEncoding = 4; lastKnownFileType = sourcecode.swift; path = DefaultTableViewCell.swift; sourceTree = "<group>"; };
		F0F27DFB2B31D166005A8CB2 /* BarButtonItem.swift */ = {isa = PBXFileReference; fileEncoding = 4; lastKnownFileType = sourcecode.swift; path = BarButtonItem.swift; sourceTree = "<group>"; };
		F0F27DFC2B31D166005A8CB2 /* ImageView.swift */ = {isa = PBXFileReference; fileEncoding = 4; lastKnownFileType = sourcecode.swift; path = ImageView.swift; sourceTree = "<group>"; };
		F0F27DFD2B31D166005A8CB2 /* Button.swift */ = {isa = PBXFileReference; fileEncoding = 4; lastKnownFileType = sourcecode.swift; path = Button.swift; sourceTree = "<group>"; };
		F0F27DFE2B31D166005A8CB2 /* NavigationController.swift */ = {isa = PBXFileReference; fileEncoding = 4; lastKnownFileType = sourcecode.swift; path = NavigationController.swift; sourceTree = "<group>"; };
		F0F27DFF2B31D166005A8CB2 /* CollectionViewController.swift */ = {isa = PBXFileReference; fileEncoding = 4; lastKnownFileType = sourcecode.swift; path = CollectionViewController.swift; sourceTree = "<group>"; };
		F0F27E012B31D166005A8CB2 /* Configs.swift */ = {isa = PBXFileReference; fileEncoding = 4; lastKnownFileType = sourcecode.swift; path = Configs.swift; sourceTree = "<group>"; };
		F0F27E042B31D166005A8CB2 /* ErrorTracker.swift */ = {isa = PBXFileReference; fileEncoding = 4; lastKnownFileType = sourcecode.swift; path = ErrorTracker.swift; sourceTree = "<group>"; };
		F0F27E062B31D166005A8CB2 /* ActivityIndicator.swift */ = {isa = PBXFileReference; fileEncoding = 4; lastKnownFileType = sourcecode.swift; path = ActivityIndicator.swift; sourceTree = "<group>"; };
		F0F27E082B31D166005A8CB2 /* Api.swift */ = {isa = PBXFileReference; fileEncoding = 4; lastKnownFileType = sourcecode.swift; path = Api.swift; sourceTree = "<group>"; };
		F0F27E0A2B31D166005A8CB2 /* BaseAPI.swift */ = {isa = PBXFileReference; fileEncoding = 4; lastKnownFileType = sourcecode.swift; path = BaseAPI.swift; sourceTree = "<group>"; };
		F0F27E0B2B31D166005A8CB2 /* Networking.swift */ = {isa = PBXFileReference; fileEncoding = 4; lastKnownFileType = sourcecode.swift; path = Networking.swift; sourceTree = "<group>"; };
		F0F27E0C2B31D166005A8CB2 /* RestApi.swift */ = {isa = PBXFileReference; fileEncoding = 4; lastKnownFileType = sourcecode.swift; path = RestApi.swift; sourceTree = "<group>"; };
		F0F27E0D2B31D166005A8CB2 /* ErrorResponse.swift */ = {isa = PBXFileReference; fileEncoding = 4; lastKnownFileType = sourcecode.swift; path = ErrorResponse.swift; sourceTree = "<group>"; };
		F0F27E432B31D329005A8CB2 /* R.generated.swift */ = {isa = PBXFileReference; fileEncoding = 4; lastKnownFileType = sourcecode.swift; path = R.generated.swift; sourceTree = "<group>"; };
/* End PBXFileReference section */

/* Begin PBXFrameworksBuildPhase section */
		F0F27D8C2B31D08F005A8CB2 /* Frameworks */ = {
			isa = PBXFrameworksBuildPhase;
			buildActionMask = 2147483647;
			files = (
				DCE7C7B0B87B9068553EDC09 /* Pods_RxSwift_MVVM_Scaffold.framework in Frameworks */,
			);
			runOnlyForDeploymentPostprocessing = 0;
		};
		F0F27DA22B31D090005A8CB2 /* Frameworks */ = {
			isa = PBXFrameworksBuildPhase;
			buildActionMask = 2147483647;
			files = (
			);
			runOnlyForDeploymentPostprocessing = 0;
		};
		F0F27DAC2B31D090005A8CB2 /* Frameworks */ = {
			isa = PBXFrameworksBuildPhase;
			buildActionMask = 2147483647;
			files = (
			);
			runOnlyForDeploymentPostprocessing = 0;
		};
/* End PBXFrameworksBuildPhase section */

/* Begin PBXGroup section */
		381CAEC431DAF3745E1F135D /* Pods */ = {
			isa = PBXGroup;
			children = (
				D0A4FE2EA94D952B988F4EBE /* Pods-RxSwift-MVVM-Scaffold.debug.xcconfig */,
				F0D3E58BDE00ED724F035529 /* Pods-RxSwift-MVVM-Scaffold.release.xcconfig */,
			);
			path = Pods;
			sourceTree = "<group>";
		};
		55ECB7537F8151FC2002A333 /* Frameworks */ = {
			isa = PBXGroup;
			children = (
				6A11D82DFF3EB0B9CB6F8073 /* Pods_RxSwift_MVVM_Scaffold.framework */,
			);
			name = Frameworks;
			sourceTree = "<group>";
		};
		F0F27D862B31D08F005A8CB2 = {
			isa = PBXGroup;
			children = (
				F0F27D912B31D08F005A8CB2 /* RxSwift-MVVM-Scaffold */,
				F0F27DA82B31D090005A8CB2 /* RxSwift-MVVM-ScaffoldTests */,
				F0F27DB22B31D090005A8CB2 /* RxSwift-MVVM-ScaffoldUITests */,
				F0F27D902B31D08F005A8CB2 /* Products */,
				381CAEC431DAF3745E1F135D /* Pods */,
				55ECB7537F8151FC2002A333 /* Frameworks */,
			);
			sourceTree = "<group>";
		};
		F0F27D902B31D08F005A8CB2 /* Products */ = {
			isa = PBXGroup;
			children = (
				F0F27D8F2B31D08F005A8CB2 /* RxSwift-MVVM-Scaffold.app */,
				F0F27DA52B31D090005A8CB2 /* RxSwift-MVVM-ScaffoldTests.xctest */,
				F0F27DAF2B31D090005A8CB2 /* RxSwift-MVVM-ScaffoldUITests.xctest */,
			);
			name = Products;
			sourceTree = "<group>";
		};
		F0F27D912B31D08F005A8CB2 /* RxSwift-MVVM-Scaffold */ = {
			isa = PBXGroup;
			children = (
				F0F27DE32B31D166005A8CB2 /* Common */,
				F0F27E002B31D166005A8CB2 /* Configs */,
				F0F27DCF2B31D166005A8CB2 /* Extensions */,
				F0F27DDE2B31D166005A8CB2 /* Managers */,
				F0F27DC82B31D165005A8CB2 /* Modules */,
				F0F27E072B31D166005A8CB2 /* Networking */,
				F0F27E022B31D166005A8CB2 /* Third Party */,
				F0F27DC32B31D128005A8CB2 /* Resources */,
				F0F27DC22B31D10C005A8CB2 /* Application */,
				F0F27D982B31D08F005A8CB2 /* Main.storyboard */,
				F0F27D9D2B31D090005A8CB2 /* LaunchScreen.storyboard */,
			);
			path = "RxSwift-MVVM-Scaffold";
			sourceTree = "<group>";
		};
		F0F27DA82B31D090005A8CB2 /* RxSwift-MVVM-ScaffoldTests */ = {
			isa = PBXGroup;
			children = (
				F0F27DA92B31D090005A8CB2 /* RxSwift_MVVM_ScaffoldTests.swift */,
			);
			path = "RxSwift-MVVM-ScaffoldTests";
			sourceTree = "<group>";
		};
		F0F27DB22B31D090005A8CB2 /* RxSwift-MVVM-ScaffoldUITests */ = {
			isa = PBXGroup;
			children = (
				F0F27DB32B31D090005A8CB2 /* RxSwift_MVVM_ScaffoldUITests.swift */,
				F0F27DB52B31D090005A8CB2 /* RxSwift_MVVM_ScaffoldUITestsLaunchTests.swift */,
			);
			path = "RxSwift-MVVM-ScaffoldUITests";
			sourceTree = "<group>";
		};
		F0F27DC22B31D10C005A8CB2 /* Application */ = {
			isa = PBXGroup;
			children = (
				F0F27D922B31D08F005A8CB2 /* AppDelegate.swift */,
				F0F27DC42B31D14A005A8CB2 /* Application.swift */,
				F0F27DC52B31D14A005A8CB2 /* Navigator.swift */,
			);
			path = Application;
			sourceTree = "<group>";
		};
		F0F27DC32B31D128005A8CB2 /* Resources */ = {
			isa = PBXGroup;
			children = (
				F0F27E432B31D329005A8CB2 /* R.generated.swift */,
				F0F27D9B2B31D090005A8CB2 /* Assets.xcassets */,
				F0F27DA02B31D090005A8CB2 /* Info.plist */,
			);
			path = Resources;
			sourceTree = "<group>";
		};
		F0F27DC82B31D165005A8CB2 /* Modules */ = {
			isa = PBXGroup;
			children = (
				F0F27DC92B31D165005A8CB2 /* Home */,
				F0F27DCC2B31D165005A8CB2 /* Main */,
			);
			path = Modules;
			sourceTree = "<group>";
		};
		F0F27DC92B31D165005A8CB2 /* Home */ = {
			isa = PBXGroup;
			children = (
				F0F27DCA2B31D165005A8CB2 /* HomeViewModel.swift */,
				F0F27DCB2B31D165005A8CB2 /* HomeViewController.swift */,
			);
			path = Home;
			sourceTree = "<group>";
		};
		F0F27DCC2B31D165005A8CB2 /* Main */ = {
			isa = PBXGroup;
			children = (
				F0F27DCD2B31D165005A8CB2 /* HomeTabBarViewModel.swift */,
				F0F27DCE2B31D165005A8CB2 /* HomeTabBarController.swift */,
			);
			path = Main;
			sourceTree = "<group>";
		};
		F0F27DCF2B31D166005A8CB2 /* Extensions */ = {
			isa = PBXGroup;
			children = (
				F0F27DD02B31D166005A8CB2 /* UIImage */,
				F0F27DD22B31D166005A8CB2 /* UIColor */,
				F0F27DD42B31D166005A8CB2 /* UIView */,
				F0F27DD72B31D166005A8CB2 /* RxSwift */,
				F0F27DDC2B31D166005A8CB2 /* UIFont */,
			);
			path = Extensions;
			sourceTree = "<group>";
		};
		F0F27DD02B31D166005A8CB2 /* UIImage */ = {
			isa = PBXGroup;
			children = (
				F0F27DD12B31D166005A8CB2 /* UIImage+FSBase.swift */,
			);
			path = UIImage;
			sourceTree = "<group>";
		};
		F0F27DD22B31D166005A8CB2 /* UIColor */ = {
			isa = PBXGroup;
			children = (
				F0F27DD32B31D166005A8CB2 /* UIColor+FSBase.swift */,
			);
			path = UIColor;
			sourceTree = "<group>";
		};
		F0F27DD42B31D166005A8CB2 /* UIView */ = {
			isa = PBXGroup;
			children = (
				F0F27DD52B31D166005A8CB2 /* UIView+FSBase.swift */,
				F0F27DD62B31D166005A8CB2 /* UIView+Borders.swift */,
			);
			path = UIView;
			sourceTree = "<group>";
		};
		F0F27DD72B31D166005A8CB2 /* RxSwift */ = {
			isa = PBXGroup;
			children = (
				F0F27DD82B31D166005A8CB2 /* KafkaRefresh+Rx.swift */,
				F0F27DD92B31D166005A8CB2 /* Kingfisher+Rx.swift */,
				F0F27DDA2B31D166005A8CB2 /* Observable+Logging.swift */,
				F0F27DDB2B31D166005A8CB2 /* Observable+Operators.swift */,
			);
			path = RxSwift;
			sourceTree = "<group>";
		};
		F0F27DDC2B31D166005A8CB2 /* UIFont */ = {
			isa = PBXGroup;
			children = (
				F0F27DDD2B31D166005A8CB2 /* UIFont+FSBase.swift */,
			);
			path = UIFont;
			sourceTree = "<group>";
		};
		F0F27DDE2B31D166005A8CB2 /* Managers */ = {
			isa = PBXGroup;
			children = (
				F0F27DDF2B31D166005A8CB2 /* LibsManager.swift */,
				F0F27DE02B31D166005A8CB2 /* ThemeManager.swift */,
				F0F27DE12B31D166005A8CB2 /* Reachability.swift */,
				F0F27DE22B31D166005A8CB2 /* LogManager.swift */,
			);
			path = Managers;
			sourceTree = "<group>";
		};
		F0F27DE32B31D166005A8CB2 /* Common */ = {
			isa = PBXGroup;
			children = (
				F0F27DE42B31D166005A8CB2 /* Toolbar.swift */,
				F0F27DE52B31D166005A8CB2 /* Label.swift */,
				F0F27DE62B31D166005A8CB2 /* ViewController.swift */,
				F0F27DE72B31D166005A8CB2 /* View.swift */,
				F0F27DE82B31D166005A8CB2 /* PickerView.swift */,
				F0F27DE92B31D166005A8CB2 /* CollectionView.swift */,
				F0F27DEA2B31D166005A8CB2 /* StackView.swift */,
				F0F27DEB2B31D166005A8CB2 /* SegmentedControl.swift */,
				F0F27DEC2B31D166005A8CB2 /* SlideImageView.swift */,
				F0F27DED2B31D166005A8CB2 /* CollectionViewCell.swift */,
				F0F27DEE2B31D166005A8CB2 /* SearchBar.swift */,
				F0F27DEF2B31D166005A8CB2 /* ScrollView.swift */,
				F0F27DF02B31D166005A8CB2 /* TableViewController.swift */,
				F0F27DF12B31D166005A8CB2 /* TableView.swift */,
				F0F27DF22B31D166005A8CB2 /* Switch.swift */,
				F0F27DF32B31D166005A8CB2 /* TextField.swift */,
				F0F27DF42B31D166005A8CB2 /* WebViewController.swift */,
				F0F27DF52B31D166005A8CB2 /* ViewModelType.swift */,
				F0F27DF62B31D166005A8CB2 /* Table View Cells */,
				F0F27DFB2B31D166005A8CB2 /* BarButtonItem.swift */,
				F0F27DFC2B31D166005A8CB2 /* ImageView.swift */,
				F0F27DFD2B31D166005A8CB2 /* Button.swift */,
				F0F27DFE2B31D166005A8CB2 /* NavigationController.swift */,
				F0F27DFF2B31D166005A8CB2 /* CollectionViewController.swift */,
			);
			path = Common;
			sourceTree = "<group>";
		};
		F0F27DF62B31D166005A8CB2 /* Table View Cells */ = {
			isa = PBXGroup;
			children = (
				F0F27DF72B31D166005A8CB2 /* TableViewCell.swift */,
				F0F27DF82B31D166005A8CB2 /* DefaultTableViewCellViewModel.swift */,
				F0F27DF92B31D166005A8CB2 /* TableViewCellViewModel.swift */,
				F0F27DFA2B31D166005A8CB2 /* DefaultTableViewCell.swift */,
			);
			path = "Table View Cells";
			sourceTree = "<group>";
		};
		F0F27E002B31D166005A8CB2 /* Configs */ = {
			isa = PBXGroup;
			children = (
				F0F27E012B31D166005A8CB2 /* Configs.swift */,
			);
			path = Configs;
			sourceTree = "<group>";
		};
		F0F27E022B31D166005A8CB2 /* Third Party */ = {
			isa = PBXGroup;
			children = (
				F0F27E032B31D166005A8CB2 /* RxErrorTracker */,
				F0F27E052B31D166005A8CB2 /* RxActivityIndicator */,
			);
			path = "Third Party";
			sourceTree = "<group>";
		};
		F0F27E032B31D166005A8CB2 /* RxErrorTracker */ = {
			isa = PBXGroup;
			children = (
				F0F27E042B31D166005A8CB2 /* ErrorTracker.swift */,
			);
			path = RxErrorTracker;
			sourceTree = "<group>";
		};
		F0F27E052B31D166005A8CB2 /* RxActivityIndicator */ = {
			isa = PBXGroup;
			children = (
				F0F27E062B31D166005A8CB2 /* ActivityIndicator.swift */,
			);
			path = RxActivityIndicator;
			sourceTree = "<group>";
		};
		F0F27E072B31D166005A8CB2 /* Networking */ = {
			isa = PBXGroup;
			children = (
				F0F27E082B31D166005A8CB2 /* Api.swift */,
				F0F27E092B31D166005A8CB2 /* Rest */,
			);
			path = Networking;
			sourceTree = "<group>";
		};
		F0F27E092B31D166005A8CB2 /* Rest */ = {
			isa = PBXGroup;
			children = (
				F0F27E0A2B31D166005A8CB2 /* BaseAPI.swift */,
				F0F27E0B2B31D166005A8CB2 /* Networking.swift */,
				F0F27E0C2B31D166005A8CB2 /* RestApi.swift */,
				F0F27E0D2B31D166005A8CB2 /* ErrorResponse.swift */,
			);
			path = Rest;
			sourceTree = "<group>";
		};
/* End PBXGroup section */

/* Begin PBXNativeTarget section */
		F0F27D8E2B31D08F005A8CB2 /* RxSwift-MVVM-Scaffold */ = {
			isa = PBXNativeTarget;
			buildConfigurationList = F0F27DB92B31D090005A8CB2 /* Build configuration list for PBXNativeTarget "RxSwift-MVVM-Scaffold" */;
			buildPhases = (
				8575FABA448B9F767FF53890 /* [CP] Check Pods Manifest.lock */,
				F0F27E422B31D1C1005A8CB2 /* R.swift */,
				F0F27D8B2B31D08F005A8CB2 /* Sources */,
				F0F27D8C2B31D08F005A8CB2 /* Frameworks */,
				F0F27D8D2B31D08F005A8CB2 /* Resources */,
				43118ACC6C4B3ED39EEBC7E2 /* [CP] Embed Pods Frameworks */,
			);
			buildRules = (
			);
			dependencies = (
			);
			name = "RxSwift-MVVM-Scaffold";
			productName = "RxSwift-MVVM-Scaffold";
			productReference = F0F27D8F2B31D08F005A8CB2 /* RxSwift-MVVM-Scaffold.app */;
			productType = "com.apple.product-type.application";
		};
		F0F27DA42B31D090005A8CB2 /* RxSwift-MVVM-ScaffoldTests */ = {
			isa = PBXNativeTarget;
			buildConfigurationList = F0F27DBC2B31D090005A8CB2 /* Build configuration list for PBXNativeTarget "RxSwift-MVVM-ScaffoldTests" */;
			buildPhases = (
				F0F27DA12B31D090005A8CB2 /* Sources */,
				F0F27DA22B31D090005A8CB2 /* Frameworks */,
				F0F27DA32B31D090005A8CB2 /* Resources */,
			);
			buildRules = (
			);
			dependencies = (
				F0F27DA72B31D090005A8CB2 /* PBXTargetDependency */,
			);
			name = "RxSwift-MVVM-ScaffoldTests";
			productName = "RxSwift-MVVM-ScaffoldTests";
			productReference = F0F27DA52B31D090005A8CB2 /* RxSwift-MVVM-ScaffoldTests.xctest */;
			productType = "com.apple.product-type.bundle.unit-test";
		};
		F0F27DAE2B31D090005A8CB2 /* RxSwift-MVVM-ScaffoldUITests */ = {
			isa = PBXNativeTarget;
			buildConfigurationList = F0F27DBF2B31D090005A8CB2 /* Build configuration list for PBXNativeTarget "RxSwift-MVVM-ScaffoldUITests" */;
			buildPhases = (
				F0F27DAB2B31D090005A8CB2 /* Sources */,
				F0F27DAC2B31D090005A8CB2 /* Frameworks */,
				F0F27DAD2B31D090005A8CB2 /* Resources */,
			);
			buildRules = (
			);
			dependencies = (
				F0F27DB12B31D090005A8CB2 /* PBXTargetDependency */,
			);
			name = "RxSwift-MVVM-ScaffoldUITests";
			productName = "RxSwift-MVVM-ScaffoldUITests";
			productReference = F0F27DAF2B31D090005A8CB2 /* RxSwift-MVVM-ScaffoldUITests.xctest */;
			productType = "com.apple.product-type.bundle.ui-testing";
		};
/* End PBXNativeTarget section */

/* Begin PBXProject section */
		F0F27D872B31D08F005A8CB2 /* Project object */ = {
			isa = PBXProject;
			attributes = {
				BuildIndependentTargetsInParallel = 1;
				LastSwiftUpdateCheck = 1500;
				LastUpgradeCheck = 1500;
				TargetAttributes = {
					F0F27D8E2B31D08F005A8CB2 = {
						CreatedOnToolsVersion = 15.0;
					};
					F0F27DA42B31D090005A8CB2 = {
						CreatedOnToolsVersion = 15.0;
						TestTargetID = F0F27D8E2B31D08F005A8CB2;
					};
					F0F27DAE2B31D090005A8CB2 = {
						CreatedOnToolsVersion = 15.0;
						TestTargetID = F0F27D8E2B31D08F005A8CB2;
					};
				};
			};
			buildConfigurationList = F0F27D8A2B31D08F005A8CB2 /* Build configuration list for PBXProject "RxSwift-MVVM-Scaffold" */;
			compatibilityVersion = "Xcode 14.0";
			developmentRegion = en;
			hasScannedForEncodings = 0;
			knownRegions = (
				en,
				Base,
			);
			mainGroup = F0F27D862B31D08F005A8CB2;
			productRefGroup = F0F27D902B31D08F005A8CB2 /* Products */;
			projectDirPath = "";
			projectRoot = "";
			targets = (
				F0F27D8E2B31D08F005A8CB2 /* RxSwift-MVVM-Scaffold */,
				F0F27DA42B31D090005A8CB2 /* RxSwift-MVVM-ScaffoldTests */,
				F0F27DAE2B31D090005A8CB2 /* RxSwift-MVVM-ScaffoldUITests */,
			);
		};
/* End PBXProject section */

/* Begin PBXResourcesBuildPhase section */
		F0F27D8D2B31D08F005A8CB2 /* Resources */ = {
			isa = PBXResourcesBuildPhase;
			buildActionMask = 2147483647;
			files = (
				F0F27D9F2B31D090005A8CB2 /* LaunchScreen.storyboard in Resources */,
				F0F27D9C2B31D090005A8CB2 /* Assets.xcassets in Resources */,
				F0F27D9A2B31D08F005A8CB2 /* Main.storyboard in Resources */,
			);
			runOnlyForDeploymentPostprocessing = 0;
		};
		F0F27DA32B31D090005A8CB2 /* Resources */ = {
			isa = PBXResourcesBuildPhase;
			buildActionMask = 2147483647;
			files = (
			);
			runOnlyForDeploymentPostprocessing = 0;
		};
		F0F27DAD2B31D090005A8CB2 /* Resources */ = {
			isa = PBXResourcesBuildPhase;
			buildActionMask = 2147483647;
			files = (
			);
			runOnlyForDeploymentPostprocessing = 0;
		};
/* End PBXResourcesBuildPhase section */

/* Begin PBXShellScriptBuildPhase section */
		43118ACC6C4B3ED39EEBC7E2 /* [CP] Embed Pods Frameworks */ = {
			isa = PBXShellScriptBuildPhase;
			buildActionMask = 2147483647;
			files = (
			);
			inputFileListPaths = (
				"${PODS_ROOT}/Target Support Files/Pods-RxSwift-MVVM-Scaffold/Pods-RxSwift-MVVM-Scaffold-frameworks-${CONFIGURATION}-input-files.xcfilelist",
			);
			name = "[CP] Embed Pods Frameworks";
			outputFileListPaths = (
				"${PODS_ROOT}/Target Support Files/Pods-RxSwift-MVVM-Scaffold/Pods-RxSwift-MVVM-Scaffold-frameworks-${CONFIGURATION}-output-files.xcfilelist",
			);
			runOnlyForDeploymentPostprocessing = 0;
			shellPath = /bin/sh;
			shellScript = "\"${PODS_ROOT}/Target Support Files/Pods-RxSwift-MVVM-Scaffold/Pods-RxSwift-MVVM-Scaffold-frameworks.sh\"\n";
			showEnvVarsInLog = 0;
		};
		8575FABA448B9F767FF53890 /* [CP] Check Pods Manifest.lock */ = {
			isa = PBXShellScriptBuildPhase;
			buildActionMask = 2147483647;
			files = (
			);
			inputFileListPaths = (
			);
			inputPaths = (
				"${PODS_PODFILE_DIR_PATH}/Podfile.lock",
				"${PODS_ROOT}/Manifest.lock",
			);
			name = "[CP] Check Pods Manifest.lock";
			outputFileListPaths = (
			);
			outputPaths = (
				"$(DERIVED_FILE_DIR)/Pods-RxSwift-MVVM-Scaffold-checkManifestLockResult.txt",
			);
			runOnlyForDeploymentPostprocessing = 0;
			shellPath = /bin/sh;
			shellScript = "diff \"${PODS_PODFILE_DIR_PATH}/Podfile.lock\" \"${PODS_ROOT}/Manifest.lock\" > /dev/null\nif [ $? != 0 ] ; then\n    # print error to STDERR\n    echo \"error: The sandbox is not in sync with the Podfile.lock. Run 'pod install' or update your CocoaPods installation.\" >&2\n    exit 1\nfi\n# This output is used by Xcode 'outputs' to avoid re-running this script phase.\necho \"SUCCESS\" > \"${SCRIPT_OUTPUT_FILE_0}\"\n";
			showEnvVarsInLog = 0;
		};
		F0F27E422B31D1C1005A8CB2 /* R.swift */ = {
			isa = PBXShellScriptBuildPhase;
			alwaysOutOfDate = 1;
			buildActionMask = 2147483647;
			files = (
			);
			inputFileListPaths = (
			);
			inputPaths = (
			);
			name = R.swift;
			outputFileListPaths = (
			);
			outputPaths = (
				"$SRCROOT/RxSwift-MVVM-Scaffold/Resources/R.generated.swift",
			);
			runOnlyForDeploymentPostprocessing = 0;
			shellPath = /bin/sh;
			shellScript = "\"$PODS_ROOT/R.swift/rswift\" generate \"$SRCROOT/RxSwift-MVVM-Scaffold/Resources/R.generated.swift\"\n";
		};
/* End PBXShellScriptBuildPhase section */

/* Begin PBXSourcesBuildPhase section */
		F0F27D8B2B31D08F005A8CB2 /* Sources */ = {
			isa = PBXSourcesBuildPhase;
			buildActionMask = 2147483647;
			files = (
				F0F27E3B2B31D166005A8CB2 /* ErrorTracker.swift in Sources */,
				F0F27E312B31D166005A8CB2 /* TableViewCell.swift in Sources */,
				F0F27E392B31D166005A8CB2 /* CollectionViewController.swift in Sources */,
				F0F27E2F2B31D166005A8CB2 /* WebViewController.swift in Sources */,
				F0F27E1F2B31D166005A8CB2 /* Toolbar.swift in Sources */,
				F0F27E0F2B31D166005A8CB2 /* HomeViewController.swift in Sources */,
				F0F27E362B31D166005A8CB2 /* ImageView.swift in Sources */,
				F0F27E262B31D166005A8CB2 /* SegmentedControl.swift in Sources */,
				F0F27E402B31D166005A8CB2 /* RestApi.swift in Sources */,
				F0F27DC62B31D14A005A8CB2 /* Application.swift in Sources */,
				F0F27E1D2B31D166005A8CB2 /* Reachability.swift in Sources */,
				F0F27E202B31D166005A8CB2 /* Label.swift in Sources */,
				F0F27E292B31D166005A8CB2 /* SearchBar.swift in Sources */,
				F0F27E1A2B31D166005A8CB2 /* UIFont+FSBase.swift in Sources */,
				F0F27E272B31D166005A8CB2 /* SlideImageView.swift in Sources */,
				F0F27E142B31D166005A8CB2 /* UIView+FSBase.swift in Sources */,
				F0F27E212B31D166005A8CB2 /* ViewController.swift in Sources */,
				F0F27E3C2B31D166005A8CB2 /* ActivityIndicator.swift in Sources */,
				F0F27E342B31D166005A8CB2 /* DefaultTableViewCell.swift in Sources */,
				F0F27E382B31D166005A8CB2 /* NavigationController.swift in Sources */,
				F0F27E3A2B31D166005A8CB2 /* Configs.swift in Sources */,
				F0F27E222B31D166005A8CB2 /* View.swift in Sources */,
				F0F27E3F2B31D166005A8CB2 /* Networking.swift in Sources */,
				F0F27E112B31D166005A8CB2 /* HomeTabBarController.swift in Sources */,
				F0F27E1C2B31D166005A8CB2 /* ThemeManager.swift in Sources */,
				F0F27D932B31D08F005A8CB2 /* AppDelegate.swift in Sources */,
				F0F27E302B31D166005A8CB2 /* ViewModelType.swift in Sources */,
				F0F27E3E2B31D166005A8CB2 /* BaseAPI.swift in Sources */,
				F0F27E352B31D166005A8CB2 /* BarButtonItem.swift in Sources */,
				F0F27E2E2B31D166005A8CB2 /* TextField.swift in Sources */,
				F0F27E412B31D166005A8CB2 /* ErrorResponse.swift in Sources */,
				F0F27E1B2B31D166005A8CB2 /* LibsManager.swift in Sources */,
				F0F27E192B31D166005A8CB2 /* Observable+Operators.swift in Sources */,
				F0F27E252B31D166005A8CB2 /* StackView.swift in Sources */,
				F0F27E372B31D166005A8CB2 /* Button.swift in Sources */,
				F0F27DC72B31D14A005A8CB2 /* Navigator.swift in Sources */,
				F0F27E182B31D166005A8CB2 /* Observable+Logging.swift in Sources */,
				F0F27E162B31D166005A8CB2 /* KafkaRefresh+Rx.swift in Sources */,
				F0F27E2A2B31D166005A8CB2 /* ScrollView.swift in Sources */,
				F0F27E282B31D166005A8CB2 /* CollectionViewCell.swift in Sources */,
				F0F27E152B31D166005A8CB2 /* UIView+Borders.swift in Sources */,
				F0F27E242B31D166005A8CB2 /* CollectionView.swift in Sources */,
				F0F27E0E2B31D166005A8CB2 /* HomeViewModel.swift in Sources */,
				F0F27E442B31D329005A8CB2 /* R.generated.swift in Sources */,
				F0F27E3D2B31D166005A8CB2 /* Api.swift in Sources */,
				F0F27E132B31D166005A8CB2 /* UIColor+FSBase.swift in Sources */,
				F0F27E1E2B31D166005A8CB2 /* LogManager.swift in Sources */,
				F0F27E2B2B31D166005A8CB2 /* TableViewController.swift in Sources */,
				F0F27E2C2B31D166005A8CB2 /* TableView.swift in Sources */,
				F0F27E322B31D166005A8CB2 /* DefaultTableViewCellViewModel.swift in Sources */,
				F0F27E102B31D166005A8CB2 /* HomeTabBarViewModel.swift in Sources */,
				F0F27E172B31D166005A8CB2 /* Kingfisher+Rx.swift in Sources */,
				F0F27E332B31D166005A8CB2 /* TableViewCellViewModel.swift in Sources */,
				F0F27E232B31D166005A8CB2 /* PickerView.swift in Sources */,
				F0F27E122B31D166005A8CB2 /* UIImage+FSBase.swift in Sources */,
				F0F27E2D2B31D166005A8CB2 /* Switch.swift in Sources */,
			);
			runOnlyForDeploymentPostprocessing = 0;
		};
		F0F27DA12B31D090005A8CB2 /* Sources */ = {
			isa = PBXSourcesBuildPhase;
			buildActionMask = 2147483647;
			files = (
				F0F27DAA2B31D090005A8CB2 /* RxSwift_MVVM_ScaffoldTests.swift in Sources */,
			);
			runOnlyForDeploymentPostprocessing = 0;
		};
		F0F27DAB2B31D090005A8CB2 /* Sources */ = {
			isa = PBXSourcesBuildPhase;
			buildActionMask = 2147483647;
			files = (
				F0F27DB62B31D090005A8CB2 /* RxSwift_MVVM_ScaffoldUITestsLaunchTests.swift in Sources */,
				F0F27DB42B31D090005A8CB2 /* RxSwift_MVVM_ScaffoldUITests.swift in Sources */,
			);
			runOnlyForDeploymentPostprocessing = 0;
		};
/* End PBXSourcesBuildPhase section */

/* Begin PBXTargetDependency section */
		F0F27DA72B31D090005A8CB2 /* PBXTargetDependency */ = {
			isa = PBXTargetDependency;
			target = F0F27D8E2B31D08F005A8CB2 /* RxSwift-MVVM-Scaffold */;
			targetProxy = F0F27DA62B31D090005A8CB2 /* PBXContainerItemProxy */;
		};
		F0F27DB12B31D090005A8CB2 /* PBXTargetDependency */ = {
			isa = PBXTargetDependency;
			target = F0F27D8E2B31D08F005A8CB2 /* RxSwift-MVVM-Scaffold */;
			targetProxy = F0F27DB02B31D090005A8CB2 /* PBXContainerItemProxy */;
		};
/* End PBXTargetDependency section */

/* Begin PBXVariantGroup section */
		F0F27D982B31D08F005A8CB2 /* Main.storyboard */ = {
			isa = PBXVariantGroup;
			children = (
				F0F27D992B31D08F005A8CB2 /* Base */,
			);
			name = Main.storyboard;
			sourceTree = "<group>";
		};
		F0F27D9D2B31D090005A8CB2 /* LaunchScreen.storyboard */ = {
			isa = PBXVariantGroup;
			children = (
				F0F27D9E2B31D090005A8CB2 /* Base */,
			);
			name = LaunchScreen.storyboard;
			sourceTree = "<group>";
		};
/* End PBXVariantGroup section */

/* Begin XCBuildConfiguration section */
		F0F27DB72B31D090005A8CB2 /* Debug */ = {
			isa = XCBuildConfiguration;
			buildSettings = {
				ALWAYS_SEARCH_USER_PATHS = NO;
				ASSETCATALOG_COMPILER_GENERATE_SWIFT_ASSET_SYMBOL_EXTENSIONS = YES;
				CLANG_ANALYZER_NONNULL = YES;
				CLANG_ANALYZER_NUMBER_OBJECT_CONVERSION = YES_AGGRESSIVE;
				CLANG_CXX_LANGUAGE_STANDARD = "gnu++20";
				CLANG_ENABLE_MODULES = YES;
				CLANG_ENABLE_OBJC_ARC = YES;
				CLANG_ENABLE_OBJC_WEAK = YES;
				CLANG_WARN_BLOCK_CAPTURE_AUTORELEASING = YES;
				CLANG_WARN_BOOL_CONVERSION = YES;
				CLANG_WARN_COMMA = YES;
				CLANG_WARN_CONSTANT_CONVERSION = YES;
				CLANG_WARN_DEPRECATED_OBJC_IMPLEMENTATIONS = YES;
				CLANG_WARN_DIRECT_OBJC_ISA_USAGE = YES_ERROR;
				CLANG_WARN_DOCUMENTATION_COMMENTS = YES;
				CLANG_WARN_EMPTY_BODY = YES;
				CLANG_WARN_ENUM_CONVERSION = YES;
				CLANG_WARN_INFINITE_RECURSION = YES;
				CLANG_WARN_INT_CONVERSION = YES;
				CLANG_WARN_NON_LITERAL_NULL_CONVERSION = YES;
				CLANG_WARN_OBJC_IMPLICIT_RETAIN_SELF = YES;
				CLANG_WARN_OBJC_LITERAL_CONVERSION = YES;
				CLANG_WARN_OBJC_ROOT_CLASS = YES_ERROR;
				CLANG_WARN_QUOTED_INCLUDE_IN_FRAMEWORK_HEADER = YES;
				CLANG_WARN_RANGE_LOOP_ANALYSIS = YES;
				CLANG_WARN_STRICT_PROTOTYPES = YES;
				CLANG_WARN_SUSPICIOUS_MOVE = YES;
				CLANG_WARN_UNGUARDED_AVAILABILITY = YES_AGGRESSIVE;
				CLANG_WARN_UNREACHABLE_CODE = YES;
				CLANG_WARN__DUPLICATE_METHOD_MATCH = YES;
				COPY_PHASE_STRIP = NO;
				DEBUG_INFORMATION_FORMAT = dwarf;
				ENABLE_STRICT_OBJC_MSGSEND = YES;
				ENABLE_TESTABILITY = YES;
				ENABLE_USER_SCRIPT_SANDBOXING = YES;
				GCC_C_LANGUAGE_STANDARD = gnu17;
				GCC_DYNAMIC_NO_PIC = NO;
				GCC_NO_COMMON_BLOCKS = YES;
				GCC_OPTIMIZATION_LEVEL = 0;
				GCC_PREPROCESSOR_DEFINITIONS = (
					"DEBUG=1",
					"$(inherited)",
				);
				GCC_WARN_64_TO_32_BIT_CONVERSION = YES;
				GCC_WARN_ABOUT_RETURN_TYPE = YES_ERROR;
				GCC_WARN_UNDECLARED_SELECTOR = YES;
				GCC_WARN_UNINITIALIZED_AUTOS = YES_AGGRESSIVE;
				GCC_WARN_UNUSED_FUNCTION = YES;
				GCC_WARN_UNUSED_VARIABLE = YES;
				IPHONEOS_DEPLOYMENT_TARGET = 17.0;
				LOCALIZATION_PREFERS_STRING_CATALOGS = YES;
				MTL_ENABLE_DEBUG_INFO = INCLUDE_SOURCE;
				MTL_FAST_MATH = YES;
				ONLY_ACTIVE_ARCH = YES;
				SDKROOT = iphoneos;
				SWIFT_ACTIVE_COMPILATION_CONDITIONS = "DEBUG $(inherited)";
				SWIFT_OPTIMIZATION_LEVEL = "-Onone";
			};
			name = Debug;
		};
		F0F27DB82B31D090005A8CB2 /* Release */ = {
			isa = XCBuildConfiguration;
			buildSettings = {
				ALWAYS_SEARCH_USER_PATHS = NO;
				ASSETCATALOG_COMPILER_GENERATE_SWIFT_ASSET_SYMBOL_EXTENSIONS = YES;
				CLANG_ANALYZER_NONNULL = YES;
				CLANG_ANALYZER_NUMBER_OBJECT_CONVERSION = YES_AGGRESSIVE;
				CLANG_CXX_LANGUAGE_STANDARD = "gnu++20";
				CLANG_ENABLE_MODULES = YES;
				CLANG_ENABLE_OBJC_ARC = YES;
				CLANG_ENABLE_OBJC_WEAK = YES;
				CLANG_WARN_BLOCK_CAPTURE_AUTORELEASING = YES;
				CLANG_WARN_BOOL_CONVERSION = YES;
				CLANG_WARN_COMMA = YES;
				CLANG_WARN_CONSTANT_CONVERSION = YES;
				CLANG_WARN_DEPRECATED_OBJC_IMPLEMENTATIONS = YES;
				CLANG_WARN_DIRECT_OBJC_ISA_USAGE = YES_ERROR;
				CLANG_WARN_DOCUMENTATION_COMMENTS = YES;
				CLANG_WARN_EMPTY_BODY = YES;
				CLANG_WARN_ENUM_CONVERSION = YES;
				CLANG_WARN_INFINITE_RECURSION = YES;
				CLANG_WARN_INT_CONVERSION = YES;
				CLANG_WARN_NON_LITERAL_NULL_CONVERSION = YES;
				CLANG_WARN_OBJC_IMPLICIT_RETAIN_SELF = YES;
				CLANG_WARN_OBJC_LITERAL_CONVERSION = YES;
				CLANG_WARN_OBJC_ROOT_CLASS = YES_ERROR;
				CLANG_WARN_QUOTED_INCLUDE_IN_FRAMEWORK_HEADER = YES;
				CLANG_WARN_RANGE_LOOP_ANALYSIS = YES;
				CLANG_WARN_STRICT_PROTOTYPES = YES;
				CLANG_WARN_SUSPICIOUS_MOVE = YES;
				CLANG_WARN_UNGUARDED_AVAILABILITY = YES_AGGRESSIVE;
				CLANG_WARN_UNREACHABLE_CODE = YES;
				CLANG_WARN__DUPLICATE_METHOD_MATCH = YES;
				COPY_PHASE_STRIP = NO;
				DEBUG_INFORMATION_FORMAT = "dwarf-with-dsym";
				ENABLE_NS_ASSERTIONS = NO;
				ENABLE_STRICT_OBJC_MSGSEND = YES;
				ENABLE_USER_SCRIPT_SANDBOXING = YES;
				GCC_C_LANGUAGE_STANDARD = gnu17;
				GCC_NO_COMMON_BLOCKS = YES;
				GCC_WARN_64_TO_32_BIT_CONVERSION = YES;
				GCC_WARN_ABOUT_RETURN_TYPE = YES_ERROR;
				GCC_WARN_UNDECLARED_SELECTOR = YES;
				GCC_WARN_UNINITIALIZED_AUTOS = YES_AGGRESSIVE;
				GCC_WARN_UNUSED_FUNCTION = YES;
				GCC_WARN_UNUSED_VARIABLE = YES;
				IPHONEOS_DEPLOYMENT_TARGET = 17.0;
				LOCALIZATION_PREFERS_STRING_CATALOGS = YES;
				MTL_ENABLE_DEBUG_INFO = NO;
				MTL_FAST_MATH = YES;
				SDKROOT = iphoneos;
				SWIFT_COMPILATION_MODE = wholemodule;
				VALIDATE_PRODUCT = YES;
			};
			name = Release;
		};
		F0F27DBA2B31D090005A8CB2 /* Debug */ = {
			isa = XCBuildConfiguration;
			baseConfigurationReference = D0A4FE2EA94D952B988F4EBE /* Pods-RxSwift-MVVM-Scaffold.debug.xcconfig */;
			buildSettings = {
				ASSETCATALOG_COMPILER_APPICON_NAME = AppIcon;
				ASSETCATALOG_COMPILER_GLOBAL_ACCENT_COLOR_NAME = AccentColor;
				CODE_SIGN_STYLE = Automatic;
				CURRENT_PROJECT_VERSION = 1;
				DEVELOPMENT_TEAM = 6WMP6J275J;
				ENABLE_USER_SCRIPT_SANDBOXING = NO;
				GENERATE_INFOPLIST_FILE = YES;
				INFOPLIST_FILE = "RxSwift-MVVM-Scaffold/Resources/Info.plist";
				INFOPLIST_KEY_UIApplicationSupportsIndirectInputEvents = YES;
				INFOPLIST_KEY_UILaunchStoryboardName = LaunchScreen;
				INFOPLIST_KEY_UIMainStoryboardFile = Main;
				INFOPLIST_KEY_UISupportedInterfaceOrientations_iPad = "UIInterfaceOrientationPortrait UIInterfaceOrientationPortraitUpsideDown UIInterfaceOrientationLandscapeLeft UIInterfaceOrientationLandscapeRight";
				INFOPLIST_KEY_UISupportedInterfaceOrientations_iPhone = "UIInterfaceOrientationPortrait UIInterfaceOrientationLandscapeLeft UIInterfaceOrientationLandscapeRight";
				LD_RUNPATH_SEARCH_PATHS = (
					"$(inherited)",
					"@executable_path/Frameworks",
				);
				MARKETING_VERSION = 1.0;
				PRODUCT_BUNDLE_IDENTIFIER = "com.base.RxSwift-MVVM-Scaffold";
				PRODUCT_NAME = "$(TARGET_NAME)";
				SWIFT_EMIT_LOC_STRINGS = YES;
				SWIFT_VERSION = 5.0;
				TARGETED_DEVICE_FAMILY = "1,2";
			};
			name = Debug;
		};
		F0F27DBB2B31D090005A8CB2 /* Release */ = {
			isa = XCBuildConfiguration;
			baseConfigurationReference = F0D3E58BDE00ED724F035529 /* Pods-RxSwift-MVVM-Scaffold.release.xcconfig */;
			buildSettings = {
				ASSETCATALOG_COMPILER_APPICON_NAME = AppIcon;
				ASSETCATALOG_COMPILER_GLOBAL_ACCENT_COLOR_NAME = AccentColor;
				CODE_SIGN_STYLE = Automatic;
				CURRENT_PROJECT_VERSION = 1;
				DEVELOPMENT_TEAM = 6WMP6J275J;
				ENABLE_USER_SCRIPT_SANDBOXING = NO;
				GENERATE_INFOPLIST_FILE = YES;
				INFOPLIST_FILE = "RxSwift-MVVM-Scaffold/Resources/Info.plist";
				INFOPLIST_KEY_UIApplicationSupportsIndirectInputEvents = YES;
				INFOPLIST_KEY_UILaunchStoryboardName = LaunchScreen;
				INFOPLIST_KEY_UIMainStoryboardFile = Main;
				INFOPLIST_KEY_UISupportedInterfaceOrientations_iPad = "UIInterfaceOrientationPortrait UIInterfaceOrientationPortraitUpsideDown UIInterfaceOrientationLandscapeLeft UIInterfaceOrientationLandscapeRight";
				INFOPLIST_KEY_UISupportedInterfaceOrientations_iPhone = "UIInterfaceOrientationPortrait UIInterfaceOrientationLandscapeLeft UIInterfaceOrientationLandscapeRight";
				LD_RUNPATH_SEARCH_PATHS = (
					"$(inherited)",
					"@executable_path/Frameworks",
				);
				MARKETING_VERSION = 1.0;
				PRODUCT_BUNDLE_IDENTIFIER = "com.base.RxSwift-MVVM-Scaffold";
				PRODUCT_NAME = "$(TARGET_NAME)";
				SWIFT_EMIT_LOC_STRINGS = YES;
				SWIFT_VERSION = 5.0;
				TARGETED_DEVICE_FAMILY = "1,2";
			};
			name = Release;
		};
		F0F27DBD2B31D090005A8CB2 /* Debug */ = {
			isa = XCBuildConfiguration;
			buildSettings = {
				ALWAYS_EMBED_SWIFT_STANDARD_LIBRARIES = YES;
				BUNDLE_LOADER = "$(TEST_HOST)";
				CODE_SIGN_STYLE = Automatic;
				CURRENT_PROJECT_VERSION = 1;
				DEVELOPMENT_TEAM = 6WMP6J275J;
				GENERATE_INFOPLIST_FILE = YES;
				IPHONEOS_DEPLOYMENT_TARGET = 17.0;
				MARKETING_VERSION = 1.0;
				PRODUCT_BUNDLE_IDENTIFIER = "com.base.RxSwift-MVVM-ScaffoldTests";
				PRODUCT_NAME = "$(TARGET_NAME)";
				SWIFT_EMIT_LOC_STRINGS = NO;
				SWIFT_VERSION = 5.0;
				TARGETED_DEVICE_FAMILY = "1,2";
				TEST_HOST = "$(BUILT_PRODUCTS_DIR)/RxSwift-MVVM-Scaffold.app/$(BUNDLE_EXECUTABLE_FOLDER_PATH)/RxSwift-MVVM-Scaffold";
			};
			name = Debug;
		};
		F0F27DBE2B31D090005A8CB2 /* Release */ = {
			isa = XCBuildConfiguration;
			buildSettings = {
				ALWAYS_EMBED_SWIFT_STANDARD_LIBRARIES = YES;
				BUNDLE_LOADER = "$(TEST_HOST)";
				CODE_SIGN_STYLE = Automatic;
				CURRENT_PROJECT_VERSION = 1;
				DEVELOPMENT_TEAM = 6WMP6J275J;
				GENERATE_INFOPLIST_FILE = YES;
				IPHONEOS_DEPLOYMENT_TARGET = 17.0;
				MARKETING_VERSION = 1.0;
				PRODUCT_BUNDLE_IDENTIFIER = "com.base.RxSwift-MVVM-ScaffoldTests";
				PRODUCT_NAME = "$(TARGET_NAME)";
				SWIFT_EMIT_LOC_STRINGS = NO;
				SWIFT_VERSION = 5.0;
				TARGETED_DEVICE_FAMILY = "1,2";
				TEST_HOST = "$(BUILT_PRODUCTS_DIR)/RxSwift-MVVM-Scaffold.app/$(BUNDLE_EXECUTABLE_FOLDER_PATH)/RxSwift-MVVM-Scaffold";
			};
			name = Release;
		};
		F0F27DC02B31D090005A8CB2 /* Debug */ = {
			isa = XCBuildConfiguration;
			buildSettings = {
				ALWAYS_EMBED_SWIFT_STANDARD_LIBRARIES = YES;
				CODE_SIGN_STYLE = Automatic;
				CURRENT_PROJECT_VERSION = 1;
				DEVELOPMENT_TEAM = 6WMP6J275J;
				GENERATE_INFOPLIST_FILE = YES;
				MARKETING_VERSION = 1.0;
				PRODUCT_BUNDLE_IDENTIFIER = "com.base.RxSwift-MVVM-ScaffoldUITests";
				PRODUCT_NAME = "$(TARGET_NAME)";
				SWIFT_EMIT_LOC_STRINGS = NO;
				SWIFT_VERSION = 5.0;
				TARGETED_DEVICE_FAMILY = "1,2";
				TEST_TARGET_NAME = "RxSwift-MVVM-Scaffold";
			};
			name = Debug;
		};
		F0F27DC12B31D090005A8CB2 /* Release */ = {
			isa = XCBuildConfiguration;
			buildSettings = {
				ALWAYS_EMBED_SWIFT_STANDARD_LIBRARIES = YES;
				CODE_SIGN_STYLE = Automatic;
				CURRENT_PROJECT_VERSION = 1;
				DEVELOPMENT_TEAM = 6WMP6J275J;
				GENERATE_INFOPLIST_FILE = YES;
				MARKETING_VERSION = 1.0;
				PRODUCT_BUNDLE_IDENTIFIER = "com.base.RxSwift-MVVM-ScaffoldUITests";
				PRODUCT_NAME = "$(TARGET_NAME)";
				SWIFT_EMIT_LOC_STRINGS = NO;
				SWIFT_VERSION = 5.0;
				TARGETED_DEVICE_FAMILY = "1,2";
				TEST_TARGET_NAME = "RxSwift-MVVM-Scaffold";
			};
			name = Release;
		};
/* End XCBuildConfiguration section */

/* Begin XCConfigurationList section */
		F0F27D8A2B31D08F005A8CB2 /* Build configuration list for PBXProject "RxSwift-MVVM-Scaffold" */ = {
			isa = XCConfigurationList;
			buildConfigurations = (
				F0F27DB72B31D090005A8CB2 /* Debug */,
				F0F27DB82B31D090005A8CB2 /* Release */,
			);
			defaultConfigurationIsVisible = 0;
			defaultConfigurationName = Release;
		};
		F0F27DB92B31D090005A8CB2 /* Build configuration list for PBXNativeTarget "RxSwift-MVVM-Scaffold" */ = {
			isa = XCConfigurationList;
			buildConfigurations = (
				F0F27DBA2B31D090005A8CB2 /* Debug */,
				F0F27DBB2B31D090005A8CB2 /* Release */,
			);
			defaultConfigurationIsVisible = 0;
			defaultConfigurationName = Release;
		};
		F0F27DBC2B31D090005A8CB2 /* Build configuration list for PBXNativeTarget "RxSwift-MVVM-ScaffoldTests" */ = {
			isa = XCConfigurationList;
			buildConfigurations = (
				F0F27DBD2B31D090005A8CB2 /* Debug */,
				F0F27DBE2B31D090005A8CB2 /* Release */,
			);
			defaultConfigurationIsVisible = 0;
			defaultConfigurationName = Release;
		};
		F0F27DBF2B31D090005A8CB2 /* Build configuration list for PBXNativeTarget "RxSwift-MVVM-ScaffoldUITests" */ = {
			isa = XCConfigurationList;
			buildConfigurations = (
				F0F27DC02B31D090005A8CB2 /* Debug */,
				F0F27DC12B31D090005A8CB2 /* Release */,
			);
			defaultConfigurationIsVisible = 0;
			defaultConfigurationName = Release;
		};
/* End XCConfigurationList section */
	};
	rootObject = F0F27D872B31D08F005A8CB2 /* Project object */;
}
